
Microsoft Visual Studio Solution File, Format Version 12.00
# Visual Studio Version 17
VisualStudioVersion = 17.3.32825.248
MinimumVisualStudioVersion = 10.0.40219.1
Project("{FAE04EC0-301F-11D3-BF4B-00C04F79EFBC}") = "Bloggie.Web", "Bloggie.Web\Bloggie.Web.csproj", "{17248742-A73B-4C42-A212-486306FBA574}"
EndProject
Global
	GlobalSection(SolutionConfigurationPlatforms) = preSolution
		Debug|Any CPU = Debug|Any CPU
		Release|Any CPU = Release|Any CPU
	EndGlobalSection
	GlobalSection(ProjectConfigurationPlatforms) = postSolution
		{17248742-A73B-4C42-A212-486306FBA574}.Debug|Any CPU.ActiveCfg = Debug|Any CPU
		{17248742-A73B-4C42-A212-486306FBA574}.Debug|Any CPU.Build.0 = Debug|Any CPU
		{17248742-A73B-4C42-A212-486306FBA574}.Release|Any CPU.ActiveCfg = Release|Any CPU
		{17248742-A73B-4C42-A212-486306FBA574}.Release|Any CPU.Build.0 = Release|Any CPU
	EndGlobalSection
	GlobalSection(SolutionProperties) = preSolution
		HideSolutionNode = FALSE
	EndGlobalSection
	GlobalSection(ExtensibilityGlobals) = postSolution
		SolutionGuid = {A9C083C7-F9C2-4B43-BC66-93774BB2B340}
	EndGlobalSection
EndGlobal
